// !$*UTF8*$!
{
	archiveVersion = 1;
	classes = {
	};
	objectVersion = 56;
	objects = {

/* Begin PBXBuildFile section */
		5347F1962AE3F50100AA2196 /* AppDelegate.swift in Sources */ = {isa = PBXBuildFile; fileRef = 5347F1952AE3F50100AA2196 /* AppDelegate.swift */; };
		5347F1982AE3F50100AA2196 /* SceneDelegate.swift in Sources */ = {isa = PBXBuildFile; fileRef = 5347F1972AE3F50100AA2196 /* SceneDelegate.swift */; };
		5347F19A2AE3F50100AA2196 /* ViewController.swift in Sources */ = {isa = PBXBuildFile; fileRef = 5347F1992AE3F50100AA2196 /* ViewController.swift */; };
		5347F19D2AE3F50100AA2196 /* Main.storyboard in Resources */ = {isa = PBXBuildFile; fileRef = 5347F19B2AE3F50100AA2196 /* Main.storyboard */; };
		5347F19F2AE3F50100AA2196 /* Assets.xcassets in Resources */ = {isa = PBXBuildFile; fileRef = 5347F19E2AE3F50100AA2196 /* Assets.xcassets */; };
		5347F1A22AE3F50100AA2196 /* LaunchScreen.storyboard in Resources */ = {isa = PBXBuildFile; fileRef = 5347F1A02AE3F50100AA2196 /* LaunchScreen.storyboard */; };
		5347F1AB2AE3F64B00AA2196 /* CollectionViewCell.swift in Sources */ = {isa = PBXBuildFile; fileRef = 5347F1A92AE3F64B00AA2196 /* CollectionViewCell.swift */; };
		5347F1AC2AE3F64B00AA2196 /* CollectionViewCell.xib in Resources */ = {isa = PBXBuildFile; fileRef = 5347F1AA2AE3F64B00AA2196 /* CollectionViewCell.xib */; };
		5347F1AE2AE3FE3600AA2196 /* Character.swift in Sources */ = {isa = PBXBuildFile; fileRef = 5347F1AD2AE3FE3600AA2196 /* Character.swift */; };
/* End PBXBuildFile section */

/* Begin PBXFileReference section */
		5347F1922AE3F50100AA2196 /* CollectionViewsSample.app */ = {isa = PBXFileReference; explicitFileType = wrapper.application; includeInIndex = 0; path = CollectionViewsSample.app; sourceTree = BUILT_PRODUCTS_DIR; };
		5347F1952AE3F50100AA2196 /* AppDelegate.swift */ = {isa = PBXFileReference; lastKnownFileType = sourcecode.swift; path = AppDelegate.swift; sourceTree = "<group>"; };
		5347F1972AE3F50100AA2196 /* SceneDelegate.swift */ = {isa = PBXFileReference; lastKnownFileType = sourcecode.swift; path = SceneDelegate.swift; sourceTree = "<group>"; };
		5347F1992AE3F50100AA2196 /* ViewController.swift */ = {isa = PBXFileReference; lastKnownFileType = sourcecode.swift; path = ViewController.swift; sourceTree = "<group>"; };
		5347F19C2AE3F50100AA2196 /* Base */ = {isa = PBXFileReference; lastKnownFileType = file.storyboard; name = Base; path = Base.lproj/Main.storyboard; sourceTree = "<group>"; };
		5347F19E2AE3F50100AA2196 /* Assets.xcassets */ = {isa = PBXFileReference; lastKnownFileType = folder.assetcatalog; path = Assets.xcassets; sourceTree = "<group>"; };
		5347F1A12AE3F50100AA2196 /* Base */ = {isa = PBXFileReference; lastKnownFileType = file.storyboard; name = Base; path = Base.lproj/LaunchScreen.storyboard; sourceTree = "<group>"; };
		5347F1A32AE3F50100AA2196 /* Info.plist */ = {isa = PBXFileReference; lastKnownFileType = text.plist.xml; path = Info.plist; sourceTree = "<group>"; };
		5347F1A92AE3F64B00AA2196 /* CollectionViewCell.swift */ = {isa = PBXFileReference; lastKnownFileType = sourcecode.swift; path = CollectionViewCell.swift; sourceTree = "<group>"; };
		5347F1AA2AE3F64B00AA2196 /* CollectionViewCell.xib */ = {isa = PBXFileReference; lastKnownFileType = file.xib; path = CollectionViewCell.xib; sourceTree = "<group>"; };
		5347F1AD2AE3FE3600AA2196 /* Character.swift */ = {isa = PBXFileReference; lastKnownFileType = sourcecode.swift; path = Character.swift; sourceTree = "<group>"; };
/* End PBXFileReference section */

/* Begin PBXFrameworksBuildPhase section */
		5347F18F2AE3F50100AA2196 /* Frameworks */ = {
			isa = PBXFrameworksBuildPhase;
			buildActionMask = 2147483647;
			files = (
			);
			runOnlyForDeploymentPostprocessing = 0;
		};
/* End PBXFrameworksBuildPhase section */

/* Begin PBXGroup section */
		5347F1892AE3F50100AA2196 = {
			isa = PBXGroup;
			children = (
				5347F1942AE3F50100AA2196 /* CollectionViewsSample */,
				5347F1932AE3F50100AA2196 /* Products */,
			);
			sourceTree = "<group>";
		};
		5347F1932AE3F50100AA2196 /* Products */ = {
			isa = PBXGroup;
			children = (
				5347F1922AE3F50100AA2196 /* CollectionViewsSample.app */,
			);
			name = Products;
			sourceTree = "<group>";
		};
		5347F1942AE3F50100AA2196 /* CollectionViewsSample */ = {
			isa = PBXGroup;
			children = (
				5347F1952AE3F50100AA2196 /* AppDelegate.swift */,
				5347F1972AE3F50100AA2196 /* SceneDelegate.swift */,
				5347F1AF2AE4292D00AA2196 /* Model */,
				5347F1B02AE429CB00AA2196 /* View */,
				5347F1B12AE429EE00AA2196 /* Controller */,
				5347F19E2AE3F50100AA2196 /* Assets.xcassets */,
				5347F1A02AE3F50100AA2196 /* LaunchScreen.storyboard */,
				5347F1A32AE3F50100AA2196 /* Info.plist */,
			);
			path = CollectionViewsSample;
			sourceTree = "<group>";
		};
		5347F1AF2AE4292D00AA2196 /* Model */ = {
			isa = PBXGroup;
			children = (
				5347F1AD2AE3FE3600AA2196 /* Character.swift */,
			);
			path = Model;
			sourceTree = "<group>";
		};
		5347F1B02AE429CB00AA2196 /* View */ = {
			isa = PBXGroup;
			children = (
				5347F19B2AE3F50100AA2196 /* Main.storyboard */,
				5347F1A92AE3F64B00AA2196 /* CollectionViewCell.swift */,
				5347F1AA2AE3F64B00AA2196 /* CollectionViewCell.xib */,
			);
			path = View;
			sourceTree = "<group>";
		};
		5347F1B12AE429EE00AA2196 /* Controller */ = {
			isa = PBXGroup;
			children = (
				5347F1992AE3F50100AA2196 /* ViewController.swift */,
			);
			path = Controller;
			sourceTree = "<group>";
		};
/* End PBXGroup section */

/* Begin PBXNativeTarget section */
		5347F1912AE3F50100AA2196 /* CollectionViewsSample */ = {
			isa = PBXNativeTarget;
			buildConfigurationList = 5347F1A62AE3F50100AA2196 /* Build configuration list for PBXNativeTarget "CollectionViewsSample" */;
			buildPhases = (
				5347F18E2AE3F50100AA2196 /* Sources */,
				5347F18F2AE3F50100AA2196 /* Frameworks */,
				5347F1902AE3F50100AA2196 /* Resources */,
			);
			buildRules = (
			);
			dependencies = (
			);
			name = CollectionViewsSample;
			productName = CollectionViewsSample;
			productReference = 5347F1922AE3F50100AA2196 /* CollectionViewsSample.app */;
			productType = "com.apple.product-type.application";
		};
/* End PBXNativeTarget section */

/* Begin PBXProject section */
		5347F18A2AE3F50100AA2196 /* Project object */ = {
			isa = PBXProject;
			attributes = {
				BuildIndependentTargetsInParallel = 1;
				LastSwiftUpdateCheck = 1430;
				LastUpgradeCheck = 1430;
				TargetAttributes = {
					5347F1912AE3F50100AA2196 = {
						CreatedOnToolsVersion = 14.3.1;
					};
				};
			};
			buildConfigurationList = 5347F18D2AE3F50100AA2196 /* Build configuration list for PBXProject "CollectionViewsSample" */;
			compatibilityVersion = "Xcode 14.0";
			developmentRegion = en;
			hasScannedForEncodings = 0;
			knownRegions = (
				en,
				Base,
			);
			mainGroup = 5347F1892AE3F50100AA2196;
			productRefGroup = 5347F1932AE3F50100AA2196 /* Products */;
			projectDirPath = "";
			projectRoot = "";
			targets = (
				5347F1912AE3F50100AA2196 /* CollectionViewsSample */,
			);
		};
/* End PBXProject section */

/* Begin PBXResourcesBuildPhase section */
		5347F1902AE3F50100AA2196 /* Resources */ = {
			isa = PBXResourcesBuildPhase;
			buildActionMask = 2147483647;
			files = (
				5347F1A22AE3F50100AA2196 /* LaunchScreen.storyboard in Resources */,
				5347F19F2AE3F50100AA2196 /* Assets.xcassets in Resources */,
				5347F1AC2AE3F64B00AA2196 /* CollectionViewCell.xib in Resources */,
				5347F19D2AE3F50100AA2196 /* Main.storyboard in Resources */,
			);
			runOnlyForDeploymentPostprocessing = 0;
		};
/* End PBXResourcesBuildPhase section */

/* Begin PBXSourcesBuildPhase section */
		5347F18E2AE3F50100AA2196 /* Sources */ = {
			isa = PBXSourcesBuildPhase;
			buildActionMask = 2147483647;
			files = (
				5347F19A2AE3F50100AA2196 /* ViewController.swift in Sources */,
				5347F1962AE3F50100AA2196 /* AppDelegate.swift in Sources */,
				5347F1AE2AE3FE3600AA2196 /* Character.swift in Sources */,
				5347F1AB2AE3F64B00AA2196 /* CollectionViewCell.swift in Sources */,
				5347F1982AE3F50100AA2196 /* SceneDelegate.swift in Sources */,
			);
			runOnlyForDeploymentPostprocessing = 0;
		};
/* End PBXSourcesBuildPhase section */

/* Begin PBXVariantGroup section */
		5347F19B2AE3F50100AA2196 /* Main.storyboard */ = {
			isa = PBXVariantGroup;
			children = (
				5347F19C2AE3F50100AA2196 /* Base */,
			);
			name = Main.storyboard;
			sourceTree = "<group>";
		};
		5347F1A02AE3F50100AA2196 /* LaunchScreen.storyboard */ = {
			isa = PBXVariantGroup;
			children = (
				5347F1A12AE3F50100AA2196 /* Base */,
			);
			name = LaunchScreen.storyboard;
			sourceTree = "<group>";
		};
/* End PBXVariantGroup section */

/* Begin XCBuildConfiguration section */
		5347F1A42AE3F50100AA2196 /* Debug */ = {
			isa = XCBuildConfiguration;
			buildSettings = {
				ALWAYS_SEARCH_USER_PATHS = NO;
				CLANG_ANALYZER_NONNULL = YES;
				CLANG_ANALYZER_NUMBER_OBJECT_CONVERSION = YES_AGGRESSIVE;
				CLANG_CXX_LANGUAGE_STANDARD = "gnu++20";
				CLANG_ENABLE_MODULES = YES;
				CLANG_ENABLE_OBJC_ARC = YES;
				CLANG_ENABLE_OBJC_WEAK = YES;
				CLANG_WARN_BLOCK_CAPTURE_AUTORELEASING = YES;
				CLANG_WARN_BOOL_CONVERSION = YES;
				CLANG_WARN_COMMA = YES;
				CLANG_WARN_CONSTANT_CONVERSION = YES;
				CLANG_WARN_DEPRECATED_OBJC_IMPLEMENTATIONS = YES;
				CLANG_WARN_DIRECT_OBJC_ISA_USAGE = YES_ERROR;
				CLANG_WARN_DOCUMENTATION_COMMENTS = YES;
				CLANG_WARN_EMPTY_BODY = YES;
				CLANG_WARN_ENUM_CONVERSION = YES;
				CLANG_WARN_INFINITE_RECURSION = YES;
				CLANG_WARN_INT_CONVERSION = YES;
				CLANG_WARN_NON_LITERAL_NULL_CONVERSION = YES;
				CLANG_WARN_OBJC_IMPLICIT_RETAIN_SELF = YES;
				CLANG_WARN_OBJC_LITERAL_CONVERSION = YES;
				CLANG_WARN_OBJC_ROOT_CLASS = YES_ERROR;
				CLANG_WARN_QUOTED_INCLUDE_IN_FRAMEWORK_HEADER = YES;
				CLANG_WARN_RANGE_LOOP_ANALYSIS = YES;
				CLANG_WARN_STRICT_PROTOTYPES = YES;
				CLANG_WARN_SUSPICIOUS_MOVE = YES;
				CLANG_WARN_UNGUARDED_AVAILABILITY = YES_AGGRESSIVE;
				CLANG_WARN_UNREACHABLE_CODE = YES;
				CLANG_WARN__DUPLICATE_METHOD_MATCH = YES;
				COPY_PHASE_STRIP = NO;
				DEBUG_INFORMATION_FORMAT = dwarf;
				ENABLE_STRICT_OBJC_MSGSEND = YES;
				ENABLE_TESTABILITY = YES;
				GCC_C_LANGUAGE_STANDARD = gnu11;
				GCC_DYNAMIC_NO_PIC = NO;
				GCC_NO_COMMON_BLOCKS = YES;
				GCC_OPTIMIZATION_LEVEL = 0;
				GCC_PREPROCESSOR_DEFINITIONS = (
					"DEBUG=1",
					"$(inherited)",
				);
				GCC_WARN_64_TO_32_BIT_CONVERSION = YES;
				GCC_WARN_ABOUT_RETURN_TYPE = YES_ERROR;
				GCC_WARN_UNDECLARED_SELECTOR = YES;
				GCC_WARN_UNINITIALIZED_AUTOS = YES_AGGRESSIVE;
				GCC_WARN_UNUSED_FUNCTION = YES;
				GCC_WARN_UNUSED_VARIABLE = YES;
				IPHONEOS_DEPLOYMENT_TARGET = 16.4;
				MTL_ENABLE_DEBUG_INFO = INCLUDE_SOURCE;
				MTL_FAST_MATH = YES;
				ONLY_ACTIVE_ARCH = YES;
				SDKROOT = iphoneos;
				SWIFT_ACTIVE_COMPILATION_CONDITIONS = DEBUG;
				SWIFT_OPTIMIZATION_LEVEL = "-Onone";
			};
			name = Debug;
		};
		5347F1A52AE3F50100AA2196 /* Release */ = {
			isa = XCBuildConfiguration;
			buildSettings = {
				ALWAYS_SEARCH_USER_PATHS = NO;
				CLANG_ANALYZER_NONNULL = YES;
				CLANG_ANALYZER_NUMBER_OBJECT_CONVERSION = YES_AGGRESSIVE;
				CLANG_CXX_LANGUAGE_STANDARD = "gnu++20";
				CLANG_ENABLE_MODULES = YES;
				CLANG_ENABLE_OBJC_ARC = YES;
				CLANG_ENABLE_OBJC_WEAK = YES;
				CLANG_WARN_BLOCK_CAPTURE_AUTORELEASING = YES;
				CLANG_WARN_BOOL_CONVERSION = YES;
				CLANG_WARN_COMMA = YES;
				CLANG_WARN_CONSTANT_CONVERSION = YES;
				CLANG_WARN_DEPRECATED_OBJC_IMPLEMENTATIONS = YES;
				CLANG_WARN_DIRECT_OBJC_ISA_USAGE = YES_ERROR;
				CLANG_WARN_DOCUMENTATION_COMMENTS = YES;
				CLANG_WARN_EMPTY_BODY = YES;
				CLANG_WARN_ENUM_CONVERSION = YES;
				CLANG_WARN_INFINITE_RECURSION = YES;
				CLANG_WARN_INT_CONVERSION = YES;
				CLANG_WARN_NON_LITERAL_NULL_CONVERSION = YES;
				CLANG_WARN_OBJC_IMPLICIT_RETAIN_SELF = YES;
				CLANG_WARN_OBJC_LITERAL_CONVERSION = YES;
				CLANG_WARN_OBJC_ROOT_CLASS = YES_ERROR;
				CLANG_WARN_QUOTED_INCLUDE_IN_FRAMEWORK_HEADER = YES;
				CLANG_WARN_RANGE_LOOP_ANALYSIS = YES;
				CLANG_WARN_STRICT_PROTOTYPES = YES;
				CLANG_WARN_SUSPICIOUS_MOVE = YES;
				CLANG_WARN_UNGUARDED_AVAILABILITY = YES_AGGRESSIVE;
				CLANG_WARN_UNREACHABLE_CODE = YES;
				CLANG_WARN__DUPLICATE_METHOD_MATCH = YES;
				COPY_PHASE_STRIP = NO;
				DEBUG_INFORMATION_FORMAT = "dwarf-with-dsym";
				ENABLE_NS_ASSERTIONS = NO;
				ENABLE_STRICT_OBJC_MSGSEND = YES;
				GCC_C_LANGUAGE_STANDARD = gnu11;
				GCC_NO_COMMON_BLOCKS = YES;
				GCC_WARN_64_TO_32_BIT_CONVERSION = YES;
				GCC_WARN_ABOUT_RETURN_TYPE = YES_ERROR;
				GCC_WARN_UNDECLARED_SELECTOR = YES;
				GCC_WARN_UNINITIALIZED_AUTOS = YES_AGGRESSIVE;
				GCC_WARN_UNUSED_FUNCTION = YES;
				GCC_WARN_UNUSED_VARIABLE = YES;
				IPHONEOS_DEPLOYMENT_TARGET = 16.4;
				MTL_ENABLE_DEBUG_INFO = NO;
				MTL_FAST_MATH = YES;
				SDKROOT = iphoneos;
				SWIFT_COMPILATION_MODE = wholemodule;
				SWIFT_OPTIMIZATION_LEVEL = "-O";
				VALIDATE_PRODUCT = YES;
			};
			name = Release;
		};
		5347F1A72AE3F50100AA2196 /* Debug */ = {
			isa = XCBuildConfiguration;
			buildSettings = {
				ASSETCATALOG_COMPILER_APPICON_NAME = AppIcon;
				ASSETCATALOG_COMPILER_GLOBAL_ACCENT_COLOR_NAME = AccentColor;
				CODE_SIGN_STYLE = Automatic;
				CURRENT_PROJECT_VERSION = 1;
				GENERATE_INFOPLIST_FILE = YES;
				INFOPLIST_FILE = CollectionViewsSample/Info.plist;
				INFOPLIST_KEY_UIApplicationSupportsIndirectInputEvents = YES;
				INFOPLIST_KEY_UILaunchStoryboardName = LaunchScreen;
				INFOPLIST_KEY_UIMainStoryboardFile = Main;
				INFOPLIST_KEY_UISupportedInterfaceOrientations_iPad = "UIInterfaceOrientationPortrait UIInterfaceOrientationPortraitUpsideDown UIInterfaceOrientationLandscapeLeft UIInterfaceOrientationLandscapeRight";
				INFOPLIST_KEY_UISupportedInterfaceOrientations_iPhone = "UIInterfaceOrientationPortrait UIInterfaceOrientationLandscapeLeft UIInterfaceOrientationLandscapeRight";
				LD_RUNPATH_SEARCH_PATHS = (
					"$(inherited)",
					"@executable_path/Frameworks",
				);
				MARKETING_VERSION = 1.0;
				PRODUCT_BUNDLE_IDENTIFIER = com.hinaf0224.CollectionViewsSample;
				PRODUCT_NAME = "$(TARGET_NAME)";
				SWIFT_EMIT_LOC_STRINGS = YES;
				SWIFT_VERSION = 5.0;
				TARGETED_DEVICE_FAMILY = "1,2";
			};
			name = Debug;
		};
		5347F1A82AE3F50100AA2196 /* Release */ = {
			isa = XCBuildConfiguration;
			buildSettings = {
				ASSETCATALOG_COMPILER_APPICON_NAME = AppIcon;
				ASSETCATALOG_COMPILER_GLOBAL_ACCENT_COLOR_NAME = AccentColor;
				CODE_SIGN_STYLE = Automatic;
				CURRENT_PROJECT_VERSION = 1;
				GENERATE_INFOPLIST_FILE = YES;
				INFOPLIST_FILE = CollectionViewsSample/Info.plist;
				INFOPLIST_KEY_UIApplicationSupportsIndirectInputEvents = YES;
				INFOPLIST_KEY_UILaunchStoryboardName = LaunchScreen;
				INFOPLIST_KEY_UIMainStoryboardFile = Main;
				INFOPLIST_KEY_UISupportedInterfaceOrientations_iPad = "UIInterfaceOrientationPortrait UIInterfaceOrientationPortraitUpsideDown UIInterfaceOrientationLandscapeLeft UIInterfaceOrientationLandscapeRight";
				INFOPLIST_KEY_UISupportedInterfaceOrientations_iPhone = "UIInterfaceOrientationPortrait UIInterfaceOrientationLandscapeLeft UIInterfaceOrientationLandscapeRight";
				LD_RUNPATH_SEARCH_PATHS = (
					"$(inherited)",
					"@executable_path/Frameworks",
				);
				MARKETING_VERSION = 1.0;
				PRODUCT_BUNDLE_IDENTIFIER = com.hinaf0224.CollectionViewsSample;
				PRODUCT_NAME = "$(TARGET_NAME)";
				SWIFT_EMIT_LOC_STRINGS = YES;
				SWIFT_VERSION = 5.0;
				TARGETED_DEVICE_FAMILY = "1,2";
			};
			name = Release;
		};
/* End XCBuildConfiguration section */

/* Begin XCConfigurationList section */
		5347F18D2AE3F50100AA2196 /* Build configuration list for PBXProject "CollectionViewsSample" */ = {
			isa = XCConfigurationList;
			buildConfigurations = (
				5347F1A42AE3F50100AA2196 /* Debug */,
				5347F1A52AE3F50100AA2196 /* Release */,
			);
			defaultConfigurationIsVisible = 0;
			defaultConfigurationName = Release;
		};
		5347F1A62AE3F50100AA2196 /* Build configuration list for PBXNativeTarget "CollectionViewsSample" */ = {
			isa = XCConfigurationList;
			buildConfigurations = (
				5347F1A72AE3F50100AA2196 /* Debug */,
				5347F1A82AE3F50100AA2196 /* Release */,
			);
			defaultConfigurationIsVisible = 0;
			defaultConfigurationName = Release;
		};
/* End XCConfigurationList section */
	};
	rootObject = 5347F18A2AE3F50100AA2196 /* Project object */;
}
